
Microsoft Visual Studio Solution File, Format Version 12.00
# Visual Studio Version 17
VisualStudioVersion = 17.11.35327.3
MinimumVisualStudioVersion = 10.0.40219.1
Project("{FAE04EC0-301F-11D3-BF4B-00C04F79EFBC}") = "Calculator", "Calculator\Calculator.csproj", "{FB396157-900E-465E-B57C-74FF2035DEC0}"
EndProject
Global
	GlobalSection(SolutionConfigurationPlatforms) = preSolution
		Debug|Any CPU = Debug|Any CPU
		Release|Any CPU = Release|Any CPU
	EndGlobalSection
	GlobalSection(ProjectConfigurationPlatforms) = postSolution
		{FB396157-900E-465E-B57C-74FF2035DEC0}.Debug|Any CPU.ActiveCfg = Debug|Any CPU
		{FB396157-900E-465E-B57C-74FF2035DEC0}.Debug|Any CPU.Build.0 = Debug|Any CPU
		{FB396157-900E-465E-B57C-74FF2035DEC0}.Release|Any CPU.ActiveCfg = Release|Any CPU
		{FB396157-900E-465E-B57C-74FF2035DEC0}.Release|Any CPU.Build.0 = Release|Any CPU
	EndGlobalSection
	GlobalSection(SolutionProperties) = preSolution
		HideSolutionNode = FALSE
	EndGlobalSection
	GlobalSection(ExtensibilityGlobals) = postSolution
		SolutionGuid = {853BE677-D05B-4815-A5EF-123F0457533A}
	EndGlobalSection
EndGlobal
